
Microsoft Visual Studio Solution File, Format Version 12.00
# Visual Studio 15
VisualStudioVersion = 15.0.27703.2000
MinimumVisualStudioVersion = 10.0.40219.1
Project("{FAE04EC0-301F-11D3-BF4B-00C04F79EFBC}") = "HelloWorld", "HelloWorld\HelloWorld.csproj", "{1F051E7F-C5D1-440D-8501-831DA3883FDD}"
EndProject
Global
	GlobalSection(SolutionConfigurationPlatforms) = preSolution
		Debug|Any CPU = Debug|Any CPU
		Release|Any CPU = Release|Any CPU
	EndGlobalSection
	GlobalSection(ProjectConfigurationPlatforms) = postSolution
		{1F051E7F-C5D1-440D-8501-831DA3883FDD}.Debug|Any CPU.ActiveCfg = Debug|Any CPU
		{1F051E7F-C5D1-440D-8501-831DA3883FDD}.Debug|Any CPU.Build.0 = Debug|Any CPU
		{1F051E7F-C5D1-440D-8501-831DA3883FDD}.Release|Any CPU.ActiveCfg = Release|Any CPU
		{1F051E7F-C5D1-440D-8501-831DA3883FDD}.Release|Any CPU.Build.0 = Release|Any CPU
	EndGlobalSection
	GlobalSection(SolutionProperties) = preSolution
		HideSolutionNode = FALSE
	EndGlobalSection
	GlobalSection(ExtensibilityGlobals) = postSolution
		SolutionGuid = {070F7E38-5B92-48E1-A427-CA42738C715C}
	EndGlobalSection
EndGlobal
